{
  "requires": true,
  "lockfileVersion": 1,
  "dependencies": {
    "@firebase/component": {
      "version": "0.1.6",
      "resolved": "https://registry.npmjs.org/@firebase/component/-/component-0.1.6.tgz",
      "integrity": "sha512-dm5pVhm+sU8ag1M3hY6vleA/H7Ed8sKRxbm4TAKhtjGHDejPXxnK0meTNydJ3MwisHWlwzGuzIEhb223K7FFxA==",
      "requires": {
        "@firebase/util": "0.2.41",
        "tslib": "1.10.0"
      }
    },
    "@firebase/storage": {
      "version": "0.3.28",
      "resolved": "https://registry.npmjs.org/@firebase/storage/-/storage-0.3.28.tgz",
      "integrity": "sha512-70GFutKqYBkqN3TCXgd8asGc/i3NYuCpaBvCHk7QpwN+7/9Cukba4GOfiN1QIINc7nOj/nrsWKvo49NzhxGy4w==",
      "requires": {
        "@firebase/component": "0.1.6",
        "@firebase/storage-types": "0.3.10",
        "@firebase/util": "0.2.41",
        "tslib": "1.10.0"
      }
    },
    "@firebase/storage-types": {
      "version": "0.3.10",
      "resolved": "https://registry.npmjs.org/@firebase/storage-types/-/storage-types-0.3.10.tgz",
      "integrity": "sha512-c76gnTUFTDDumV4GenkuVY34EwAXjN7ZWLR6NSvuAnMvBlROdGKshTCsmyi8GTMd/dDoFB/MLJ+YOnk5tMbU4Q=="
    },
    "@firebase/util": {
      "version": "0.2.41",
      "resolved": "https://registry.npmjs.org/@firebase/util/-/util-0.2.41.tgz",
      "integrity": "sha512-QRu3wjU5I0ZBWrf4wgrEBYu5K5tkHjETMDPMY8WYCeekKB13k2MuJzHBjQVuStEOU7j6ygTAA0B8vXI/6B5D0g==",
      "requires": {
        "tslib": "1.10.0"
      }
    },
    "tslib": {
      "version": "1.10.0",
      "resolved": "https://registry.npmjs.org/tslib/-/tslib-1.10.0.tgz",
      "integrity": "sha512-qOebF53frne81cf0S9B41ByenJ3/IuH8yJKngAX35CmiZySA0khhkovshKK+jGCaMnVomla7gVlIcc3EvKPbTQ=="
    }
  }
}
